// !$*UTF8*$!
{
	archiveVersion = 1;
	classes = {
	};
	objectVersion = 55;
	objects = {

/* Begin PBXBuildFile section */
		5FA54F34B7E9D36E586B9623 /* Pods_MackDuck.framework in Frameworks */ = {isa = PBXBuildFile; fileRef = 0C25B540D7C8FF090DA3027E /* Pods_MackDuck.framework */; };
		7403CAD02757512600E6B2DF /* HomeRecentPopularResponse.swift in Sources */ = {isa = PBXBuildFile; fileRef = 7403CACF2757512600E6B2DF /* HomeRecentPopularResponse.swift */; };
		7403CAD22757513300E6B2DF /* HomeRecentPopularDataManager.swift in Sources */ = {isa = PBXBuildFile; fileRef = 7403CAD12757513300E6B2DF /* HomeRecentPopularDataManager.swift */; };
		742E6464274BF17F00F6B72A /* HomeRecommendViewController.swift in Sources */ = {isa = PBXBuildFile; fileRef = 742E6463274BF17F00F6B72A /* HomeRecommendViewController.swift */; };
		742E6467274BF1A900F6B72A /* HomeSearchViewController.swift in Sources */ = {isa = PBXBuildFile; fileRef = 742E6466274BF1A900F6B72A /* HomeSearchViewController.swift */; };
		742E646A274BF1D100F6B72A /* HomeDictionaryViewController.swift in Sources */ = {isa = PBXBuildFile; fileRef = 742E6469274BF1D100F6B72A /* HomeDictionaryViewController.swift */; };
		743031DC274270DE00B7657B /* jwtToken.swift in Sources */ = {isa = PBXBuildFile; fileRef = 743031DB274270DE00B7657B /* jwtToken.swift */; };
		743031E3274281AB00B7657B /* LoginViewController.swift in Sources */ = {isa = PBXBuildFile; fileRef = 743031E2274281AB00B7657B /* LoginViewController.swift */; };
		743031F12742A25E00B7657B /* GmarketSansLight.otf in Resources */ = {isa = PBXBuildFile; fileRef = 743031EE2742A25D00B7657B /* GmarketSansLight.otf */; };
		743031F22742A25E00B7657B /* GmarketSansMedium.otf in Resources */ = {isa = PBXBuildFile; fileRef = 743031EF2742A25E00B7657B /* GmarketSansMedium.otf */; };
		743031F32742A25E00B7657B /* GmarketSansBold.otf in Resources */ = {isa = PBXBuildFile; fileRef = 743031F02742A25E00B7657B /* GmarketSansBold.otf */; };
		743031F92742A26900B7657B /* Montserrat-Regular.ttf in Resources */ = {isa = PBXBuildFile; fileRef = 743031F42742A26800B7657B /* Montserrat-Regular.ttf */; };
		743031FA2742A26900B7657B /* NotoSansKR-Regular.otf in Resources */ = {isa = PBXBuildFile; fileRef = 743031F52742A26800B7657B /* NotoSansKR-Regular.otf */; };
		743031FB2742A26900B7657B /* NotoSansKR-Bold.otf in Resources */ = {isa = PBXBuildFile; fileRef = 743031F62742A26900B7657B /* NotoSansKR-Bold.otf */; };
		743031FC2742A26900B7657B /* NotoSansKR-Medium.otf in Resources */ = {isa = PBXBuildFile; fileRef = 743031F72742A26900B7657B /* NotoSansKR-Medium.otf */; };
		743031FD2742A26900B7657B /* Montserrat-Bold.ttf in Resources */ = {isa = PBXBuildFile; fileRef = 743031F82742A26900B7657B /* Montserrat-Bold.ttf */; };
		743031FF2742B8EB00B7657B /* LoginHowToCallViewController.swift in Sources */ = {isa = PBXBuildFile; fileRef = 743031FE2742B8EB00B7657B /* LoginHowToCallViewController.swift */; };
		743032032742C22A00B7657B /* KakaoLoginRequest.swift in Sources */ = {isa = PBXBuildFile; fileRef = 743032022742C22A00B7657B /* KakaoLoginRequest.swift */; };
		743032052742C23C00B7657B /* KakaoLoginResponse.swift in Sources */ = {isa = PBXBuildFile; fileRef = 743032042742C23C00B7657B /* KakaoLoginResponse.swift */; };
		743032072742C24C00B7657B /* KakaoLoginDataManager.swift in Sources */ = {isa = PBXBuildFile; fileRef = 743032062742C24C00B7657B /* KakaoLoginDataManager.swift */; };
		7446ECA22748ACD4000CAC92 /* RefrigeratorViewController.swift in Sources */ = {isa = PBXBuildFile; fileRef = 7446ECA12748ACD4000CAC92 /* RefrigeratorViewController.swift */; };
		7446ECA42748ACE5000CAC92 /* MyPageViewController.swift in Sources */ = {isa = PBXBuildFile; fileRef = 7446ECA32748ACE5000CAC92 /* MyPageViewController.swift */; };
		747561B92743E4D20015BFC9 /* UITextField.swift in Sources */ = {isa = PBXBuildFile; fileRef = 747561B82743E4D20015BFC9 /* UITextField.swift */; };
		747561BE2744D6760015BFC9 /* NicknameDataManager.swift in Sources */ = {isa = PBXBuildFile; fileRef = 747561BD2744D6760015BFC9 /* NicknameDataManager.swift */; };
		747561C22744D6910015BFC9 /* NicknameResponse.swift in Sources */ = {isa = PBXBuildFile; fileRef = 747561C12744D6910015BFC9 /* NicknameResponse.swift */; };
		747561C7274525FE0015BFC9 /* PrivacySettingViewController.swift in Sources */ = {isa = PBXBuildFile; fileRef = 747561C6274525FE0015BFC9 /* PrivacySettingViewController.swift */; };
		747561CE274526750015BFC9 /* PrivacySettingDataManager.swift in Sources */ = {isa = PBXBuildFile; fileRef = 747561CD274526750015BFC9 /* PrivacySettingDataManager.swift */; };
		747561D02745268B0015BFC9 /* PrivacySettingRequest.swift in Sources */ = {isa = PBXBuildFile; fileRef = 747561CF2745268B0015BFC9 /* PrivacySettingRequest.swift */; };
		747561D2274526970015BFC9 /* PrivacySettingResponse.swift in Sources */ = {isa = PBXBuildFile; fileRef = 747561D1274526970015BFC9 /* PrivacySettingResponse.swift */; };
		747561D62746571B0015BFC9 /* UIView.swift in Sources */ = {isa = PBXBuildFile; fileRef = 747561D52746571B0015BFC9 /* UIView.swift */; };
		74B11ED32756034D003C3E02 /* BestSearchTableViewCell.swift in Sources */ = {isa = PBXBuildFile; fileRef = 74B11ED12756034D003C3E02 /* BestSearchTableViewCell.swift */; };
		74B11ED42756034D003C3E02 /* BestSearchTableViewCell.xib in Resources */ = {isa = PBXBuildFile; fileRef = 74B11ED22756034D003C3E02 /* BestSearchTableViewCell.xib */; };
		74C1B5FD2742671400AFD7BF /* AppDelegate.swift in Sources */ = {isa = PBXBuildFile; fileRef = 74C1B5FC2742671400AFD7BF /* AppDelegate.swift */; };
		74C1B5FF2742671400AFD7BF /* SceneDelegate.swift in Sources */ = {isa = PBXBuildFile; fileRef = 74C1B5FE2742671400AFD7BF /* SceneDelegate.swift */; };
		74C1B6012742671400AFD7BF /* ViewController.swift in Sources */ = {isa = PBXBuildFile; fileRef = 74C1B6002742671400AFD7BF /* ViewController.swift */; };
		74C1B6042742671400AFD7BF /* LoginStoryboard.storyboard in Resources */ = {isa = PBXBuildFile; fileRef = 74C1B6022742671400AFD7BF /* LoginStoryboard.storyboard */; };
		74C1B6072742671400AFD7BF /* MackDuck.xcdatamodeld in Sources */ = {isa = PBXBuildFile; fileRef = 74C1B6052742671400AFD7BF /* MackDuck.xcdatamodeld */; };
		74C1B6092742671600AFD7BF /* Assets.xcassets in Resources */ = {isa = PBXBuildFile; fileRef = 74C1B6082742671600AFD7BF /* Assets.xcassets */; };
		74C1B60C2742671600AFD7BF /* LaunchScreen.storyboard in Resources */ = {isa = PBXBuildFile; fileRef = 74C1B60A2742671600AFD7BF /* LaunchScreen.storyboard */; };
		74C1B61727426F1200AFD7BF /* Constant.swift in Sources */ = {isa = PBXBuildFile; fileRef = 74C1B61627426F1200AFD7BF /* Constant.swift */; };
		74C1B61A27426F5100AFD7BF /* Color.swift in Sources */ = {isa = PBXBuildFile; fileRef = 74C1B61927426F5100AFD7BF /* Color.swift */; };
		74C1B61C27426F7E00AFD7BF /* String.swift in Sources */ = {isa = PBXBuildFile; fileRef = 74C1B61B27426F7E00AFD7BF /* String.swift */; };
		74E730022743B4AF00697460 /* MainPageStoryboard.storyboard in Resources */ = {isa = PBXBuildFile; fileRef = 74E730012743B4AF00697460 /* MainPageStoryboard.storyboard */; };
		74E730042743B4C100697460 /* HomeViewController.swift in Sources */ = {isa = PBXBuildFile; fileRef = 74E730032743B4C100697460 /* HomeViewController.swift */; };
		74EF99C3274B9C030037A166 /* HomeStoryboard.storyboard in Resources */ = {isa = PBXBuildFile; fileRef = 74EF99C2274B9C030037A166 /* HomeStoryboard.storyboard */; };
		74EF99C5274B9C160037A166 /* RefrigeratorStoryboard.storyboard in Resources */ = {isa = PBXBuildFile; fileRef = 74EF99C4274B9C160037A166 /* RefrigeratorStoryboard.storyboard */; };
		74EF99C7274B9C260037A166 /* MyPageStoryboard.storyboard in Resources */ = {isa = PBXBuildFile; fileRef = 74EF99C6274B9C260037A166 /* MyPageStoryboard.storyboard */; };
		74EF99CB274BB2370037A166 /* MainPageViewController.swift in Sources */ = {isa = PBXBuildFile; fileRef = 74EF99CA274BB2370037A166 /* MainPageViewController.swift */; };
/* End PBXBuildFile section */

/* Begin PBXFileReference section */
		0C25B540D7C8FF090DA3027E /* Pods_MackDuck.framework */ = {isa = PBXFileReference; explicitFileType = wrapper.framework; includeInIndex = 0; path = Pods_MackDuck.framework; sourceTree = BUILT_PRODUCTS_DIR; };
		27850282F683B342079493F0 /* Pods-MackDuck.release.xcconfig */ = {isa = PBXFileReference; includeInIndex = 1; lastKnownFileType = text.xcconfig; name = "Pods-MackDuck.release.xcconfig"; path = "Target Support Files/Pods-MackDuck/Pods-MackDuck.release.xcconfig"; sourceTree = "<group>"; };
		7403CACF2757512600E6B2DF /* HomeRecentPopularResponse.swift */ = {isa = PBXFileReference; lastKnownFileType = sourcecode.swift; path = HomeRecentPopularResponse.swift; sourceTree = "<group>"; };
		7403CAD12757513300E6B2DF /* HomeRecentPopularDataManager.swift */ = {isa = PBXFileReference; lastKnownFileType = sourcecode.swift; path = HomeRecentPopularDataManager.swift; sourceTree = "<group>"; };
		742E6463274BF17F00F6B72A /* HomeRecommendViewController.swift */ = {isa = PBXFileReference; lastKnownFileType = sourcecode.swift; path = HomeRecommendViewController.swift; sourceTree = "<group>"; };
		742E6466274BF1A900F6B72A /* HomeSearchViewController.swift */ = {isa = PBXFileReference; lastKnownFileType = sourcecode.swift; path = HomeSearchViewController.swift; sourceTree = "<group>"; };
		742E6469274BF1D100F6B72A /* HomeDictionaryViewController.swift */ = {isa = PBXFileReference; lastKnownFileType = sourcecode.swift; path = HomeDictionaryViewController.swift; sourceTree = "<group>"; };
		743031DB274270DE00B7657B /* jwtToken.swift */ = {isa = PBXFileReference; lastKnownFileType = sourcecode.swift; path = jwtToken.swift; sourceTree = "<group>"; };
		743031E2274281AB00B7657B /* LoginViewController.swift */ = {isa = PBXFileReference; lastKnownFileType = sourcecode.swift; path = LoginViewController.swift; sourceTree = "<group>"; };
		743031EE2742A25D00B7657B /* GmarketSansLight.otf */ = {isa = PBXFileReference; lastKnownFileType = file; path = GmarketSansLight.otf; sourceTree = "<group>"; };
		743031EF2742A25E00B7657B /* GmarketSansMedium.otf */ = {isa = PBXFileReference; lastKnownFileType = file; path = GmarketSansMedium.otf; sourceTree = "<group>"; };
		743031F02742A25E00B7657B /* GmarketSansBold.otf */ = {isa = PBXFileReference; lastKnownFileType = file; path = GmarketSansBold.otf; sourceTree = "<group>"; };
		743031F42742A26800B7657B /* Montserrat-Regular.ttf */ = {isa = PBXFileReference; lastKnownFileType = file; path = "Montserrat-Regular.ttf"; sourceTree = "<group>"; };
		743031F52742A26800B7657B /* NotoSansKR-Regular.otf */ = {isa = PBXFileReference; lastKnownFileType = file; path = "NotoSansKR-Regular.otf"; sourceTree = "<group>"; };
		743031F62742A26900B7657B /* NotoSansKR-Bold.otf */ = {isa = PBXFileReference; lastKnownFileType = file; path = "NotoSansKR-Bold.otf"; sourceTree = "<group>"; };
		743031F72742A26900B7657B /* NotoSansKR-Medium.otf */ = {isa = PBXFileReference; lastKnownFileType = file; path = "NotoSansKR-Medium.otf"; sourceTree = "<group>"; };
		743031F82742A26900B7657B /* Montserrat-Bold.ttf */ = {isa = PBXFileReference; lastKnownFileType = file; path = "Montserrat-Bold.ttf"; sourceTree = "<group>"; };
		743031FE2742B8EB00B7657B /* LoginHowToCallViewController.swift */ = {isa = PBXFileReference; lastKnownFileType = sourcecode.swift; path = LoginHowToCallViewController.swift; sourceTree = "<group>"; };
		743032022742C22A00B7657B /* KakaoLoginRequest.swift */ = {isa = PBXFileReference; lastKnownFileType = sourcecode.swift; path = KakaoLoginRequest.swift; sourceTree = "<group>"; };
		743032042742C23C00B7657B /* KakaoLoginResponse.swift */ = {isa = PBXFileReference; lastKnownFileType = sourcecode.swift; path = KakaoLoginResponse.swift; sourceTree = "<group>"; };
		743032062742C24C00B7657B /* KakaoLoginDataManager.swift */ = {isa = PBXFileReference; lastKnownFileType = sourcecode.swift; path = KakaoLoginDataManager.swift; sourceTree = "<group>"; };
		7446ECA12748ACD4000CAC92 /* RefrigeratorViewController.swift */ = {isa = PBXFileReference; lastKnownFileType = sourcecode.swift; path = RefrigeratorViewController.swift; sourceTree = "<group>"; };
		7446ECA32748ACE5000CAC92 /* MyPageViewController.swift */ = {isa = PBXFileReference; lastKnownFileType = sourcecode.swift; path = MyPageViewController.swift; sourceTree = "<group>"; };
		747561B82743E4D20015BFC9 /* UITextField.swift */ = {isa = PBXFileReference; lastKnownFileType = sourcecode.swift; path = UITextField.swift; sourceTree = "<group>"; };
		747561BD2744D6760015BFC9 /* NicknameDataManager.swift */ = {isa = PBXFileReference; lastKnownFileType = sourcecode.swift; path = NicknameDataManager.swift; sourceTree = "<group>"; };
		747561C12744D6910015BFC9 /* NicknameResponse.swift */ = {isa = PBXFileReference; lastKnownFileType = sourcecode.swift; path = NicknameResponse.swift; sourceTree = "<group>"; };
		747561C6274525FE0015BFC9 /* PrivacySettingViewController.swift */ = {isa = PBXFileReference; lastKnownFileType = sourcecode.swift; path = PrivacySettingViewController.swift; sourceTree = "<group>"; };
		747561CD274526750015BFC9 /* PrivacySettingDataManager.swift */ = {isa = PBXFileReference; lastKnownFileType = sourcecode.swift; path = PrivacySettingDataManager.swift; sourceTree = "<group>"; };
		747561CF2745268B0015BFC9 /* PrivacySettingRequest.swift */ = {isa = PBXFileReference; lastKnownFileType = sourcecode.swift; path = PrivacySettingRequest.swift; sourceTree = "<group>"; };
		747561D1274526970015BFC9 /* PrivacySettingResponse.swift */ = {isa = PBXFileReference; lastKnownFileType = sourcecode.swift; path = PrivacySettingResponse.swift; sourceTree = "<group>"; };
		747561D52746571B0015BFC9 /* UIView.swift */ = {isa = PBXFileReference; lastKnownFileType = sourcecode.swift; path = UIView.swift; sourceTree = "<group>"; };
		74B11ED12756034D003C3E02 /* BestSearchTableViewCell.swift */ = {isa = PBXFileReference; lastKnownFileType = sourcecode.swift; path = BestSearchTableViewCell.swift; sourceTree = "<group>"; };
		74B11ED22756034D003C3E02 /* BestSearchTableViewCell.xib */ = {isa = PBXFileReference; lastKnownFileType = file.xib; path = BestSearchTableViewCell.xib; sourceTree = "<group>"; };
		74C1B5F92742671400AFD7BF /* MackDuck.app */ = {isa = PBXFileReference; explicitFileType = wrapper.application; includeInIndex = 0; path = MackDuck.app; sourceTree = BUILT_PRODUCTS_DIR; };
		74C1B5FC2742671400AFD7BF /* AppDelegate.swift */ = {isa = PBXFileReference; lastKnownFileType = sourcecode.swift; path = AppDelegate.swift; sourceTree = "<group>"; };
		74C1B5FE2742671400AFD7BF /* SceneDelegate.swift */ = {isa = PBXFileReference; lastKnownFileType = sourcecode.swift; path = SceneDelegate.swift; sourceTree = "<group>"; };
		74C1B6002742671400AFD7BF /* ViewController.swift */ = {isa = PBXFileReference; lastKnownFileType = sourcecode.swift; path = ViewController.swift; sourceTree = "<group>"; };
		74C1B6032742671400AFD7BF /* Base */ = {isa = PBXFileReference; lastKnownFileType = file.storyboard; name = Base; path = Base.lproj/LoginStoryboard.storyboard; sourceTree = "<group>"; };
		74C1B6062742671400AFD7BF /* MackDuck.xcdatamodel */ = {isa = PBXFileReference; lastKnownFileType = wrapper.xcdatamodel; path = MackDuck.xcdatamodel; sourceTree = "<group>"; };
		74C1B6082742671600AFD7BF /* Assets.xcassets */ = {isa = PBXFileReference; lastKnownFileType = folder.assetcatalog; path = Assets.xcassets; sourceTree = "<group>"; };
		74C1B60B2742671600AFD7BF /* Base */ = {isa = PBXFileReference; lastKnownFileType = file.storyboard; name = Base; path = Base.lproj/LaunchScreen.storyboard; sourceTree = "<group>"; };
		74C1B60D2742671600AFD7BF /* Info.plist */ = {isa = PBXFileReference; lastKnownFileType = text.plist.xml; path = Info.plist; sourceTree = "<group>"; };
		74C1B61627426F1200AFD7BF /* Constant.swift */ = {isa = PBXFileReference; lastKnownFileType = sourcecode.swift; path = Constant.swift; sourceTree = "<group>"; };
		74C1B61927426F5100AFD7BF /* Color.swift */ = {isa = PBXFileReference; lastKnownFileType = sourcecode.swift; path = Color.swift; sourceTree = "<group>"; };
		74C1B61B27426F7E00AFD7BF /* String.swift */ = {isa = PBXFileReference; lastKnownFileType = sourcecode.swift; path = String.swift; sourceTree = "<group>"; };
		74E730012743B4AF00697460 /* MainPageStoryboard.storyboard */ = {isa = PBXFileReference; lastKnownFileType = file.storyboard; path = MainPageStoryboard.storyboard; sourceTree = "<group>"; };
		74E730032743B4C100697460 /* HomeViewController.swift */ = {isa = PBXFileReference; lastKnownFileType = sourcecode.swift; path = HomeViewController.swift; sourceTree = "<group>"; };
		74EF99C2274B9C030037A166 /* HomeStoryboard.storyboard */ = {isa = PBXFileReference; lastKnownFileType = file.storyboard; path = HomeStoryboard.storyboard; sourceTree = "<group>"; };
		74EF99C4274B9C160037A166 /* RefrigeratorStoryboard.storyboard */ = {isa = PBXFileReference; lastKnownFileType = file.storyboard; path = RefrigeratorStoryboard.storyboard; sourceTree = "<group>"; };
		74EF99C6274B9C260037A166 /* MyPageStoryboard.storyboard */ = {isa = PBXFileReference; lastKnownFileType = file.storyboard; path = MyPageStoryboard.storyboard; sourceTree = "<group>"; };
		74EF99CA274BB2370037A166 /* MainPageViewController.swift */ = {isa = PBXFileReference; lastKnownFileType = sourcecode.swift; path = MainPageViewController.swift; sourceTree = "<group>"; };
		D7AABEFCB9CD09A5833E0A93 /* Pods-MackDuck.debug.xcconfig */ = {isa = PBXFileReference; includeInIndex = 1; lastKnownFileType = text.xcconfig; name = "Pods-MackDuck.debug.xcconfig"; path = "Target Support Files/Pods-MackDuck/Pods-MackDuck.debug.xcconfig"; sourceTree = "<group>"; };
/* End PBXFileReference section */

/* Begin PBXFrameworksBuildPhase section */
		74C1B5F62742671400AFD7BF /* Frameworks */ = {
			isa = PBXFrameworksBuildPhase;
			buildActionMask = 2147483647;
			files = (
				5FA54F34B7E9D36E586B9623 /* Pods_MackDuck.framework in Frameworks */,
			);
			runOnlyForDeploymentPostprocessing = 0;
		};
/* End PBXFrameworksBuildPhase section */

/* Begin PBXGroup section */
		0CB58F50B39A9702FD9EBF82 /* Frameworks */ = {
			isa = PBXGroup;
			children = (
				0C25B540D7C8FF090DA3027E /* Pods_MackDuck.framework */,
			);
			name = Frameworks;
			sourceTree = "<group>";
		};
		7403CAC727574EF500E6B2DF /* HomeRecentPopularEntity */ = {
			isa = PBXGroup;
			children = (
				7403CACF2757512600E6B2DF /* HomeRecentPopularResponse.swift */,
				7403CAD12757513300E6B2DF /* HomeRecentPopularDataManager.swift */,
			);
			path = HomeRecentPopularEntity;
			sourceTree = "<group>";
		};
		7403CACE275750F200E6B2DF /* HomeSearchEntity */ = {
			isa = PBXGroup;
			children = (
			);
			path = HomeSearchEntity;
			sourceTree = "<group>";
		};
		741B17EE2747E66C00B2AC31 /* MainPage */ = {
			isa = PBXGroup;
			children = (
				74E730012743B4AF00697460 /* MainPageStoryboard.storyboard */,
				74EF99CA274BB2370037A166 /* MainPageViewController.swift */,
				743031E0274273AF00B7657B /* Home */,
				743031E1274273DB00B7657B /* Refrigerator */,
				743031DF2742738600B7657B /* MyPage */,
			);
			path = MainPage;
			sourceTree = "<group>";
		};
		742E6462274BF15E00F6B72A /* HomeRecommend */ = {
			isa = PBXGroup;
			children = (
				742E6463274BF17F00F6B72A /* HomeRecommendViewController.swift */,
			);
			path = HomeRecommend;
			sourceTree = "<group>";
		};
		742E6465274BF19800F6B72A /* HomeSearch */ = {
			isa = PBXGroup;
			children = (
				742E6466274BF1A900F6B72A /* HomeSearchViewController.swift */,
				74B11ECC27560198003C3E02 /* Table Cell Best */,
				7403CAC727574EF500E6B2DF /* HomeRecentPopularEntity */,
				7403CACE275750F200E6B2DF /* HomeSearchEntity */,
			);
			path = HomeSearch;
			sourceTree = "<group>";
		};
		742E6468274BF1B000F6B72A /* HomeDictionary */ = {
			isa = PBXGroup;
			children = (
				742E6469274BF1D100F6B72A /* HomeDictionaryViewController.swift */,
			);
			path = HomeDictionary;
			sourceTree = "<group>";
		};
		743031DD274272B800B7657B /* Sources */ = {
			isa = PBXGroup;
			children = (
				74C1B6002742671400AFD7BF /* ViewController.swift */,
				743031DE274272DB00B7657B /* LoginPage */,
				741B17EE2747E66C00B2AC31 /* MainPage */,
			);
			path = Sources;
			sourceTree = "<group>";
		};
		743031DE274272DB00B7657B /* LoginPage */ = {
			isa = PBXGroup;
			children = (
				74C1B6022742671400AFD7BF /* LoginStoryboard.storyboard */,
				747561BC2744D64A0015BFC9 /* KakaoLogin */,
				747561BA2744D56E0015BFC9 /* Nickname */,
				747561C52745255D0015BFC9 /* PrivacySetting */,
			);
			path = LoginPage;
			sourceTree = "<group>";
		};
		743031DF2742738600B7657B /* MyPage */ = {
			isa = PBXGroup;
			children = (
				74EF99C6274B9C260037A166 /* MyPageStoryboard.storyboard */,
				7446ECA32748ACE5000CAC92 /* MyPageViewController.swift */,
			);
			path = MyPage;
			sourceTree = "<group>";
		};
		743031E0274273AF00B7657B /* Home */ = {
			isa = PBXGroup;
			children = (
				74EF99C2274B9C030037A166 /* HomeStoryboard.storyboard */,
				74E730032743B4C100697460 /* HomeViewController.swift */,
				74E72FFE2743B44400697460 /* HomeEntity */,
				742E6465274BF19800F6B72A /* HomeSearch */,
				742E6462274BF15E00F6B72A /* HomeRecommend */,
				742E6468274BF1B000F6B72A /* HomeDictionary */,
			);
			path = Home;
			sourceTree = "<group>";
		};
		743031E1274273DB00B7657B /* Refrigerator */ = {
			isa = PBXGroup;
			children = (
				74EF99C4274B9C160037A166 /* RefrigeratorStoryboard.storyboard */,
				7446ECA12748ACD4000CAC92 /* RefrigeratorViewController.swift */,
			);
			path = Refrigerator;
			sourceTree = "<group>";
		};
		743031E427429F5900B7657B /* Font */ = {
			isa = PBXGroup;
			children = (
				743031F82742A26900B7657B /* Montserrat-Bold.ttf */,
				743031F42742A26800B7657B /* Montserrat-Regular.ttf */,
				743031F62742A26900B7657B /* NotoSansKR-Bold.otf */,
				743031F72742A26900B7657B /* NotoSansKR-Medium.otf */,
				743031F52742A26800B7657B /* NotoSansKR-Regular.otf */,
				743031F02742A25E00B7657B /* GmarketSansBold.otf */,
				743031EE2742A25D00B7657B /* GmarketSansLight.otf */,
				743031EF2742A25E00B7657B /* GmarketSansMedium.otf */,
			);
			path = Font;
			sourceTree = "<group>";
		};
		743032002742C11B00B7657B /* KakaoLoginEntity */ = {
			isa = PBXGroup;
			children = (
				743032022742C22A00B7657B /* KakaoLoginRequest.swift */,
				743032042742C23C00B7657B /* KakaoLoginResponse.swift */,
				743032062742C24C00B7657B /* KakaoLoginDataManager.swift */,
			);
			path = KakaoLoginEntity;
			sourceTree = "<group>";
		};
		747561BA2744D56E0015BFC9 /* Nickname */ = {
			isa = PBXGroup;
			children = (
				743031FE2742B8EB00B7657B /* LoginHowToCallViewController.swift */,
				747561BB2744D6280015BFC9 /* NicknameEntity */,
			);
			path = Nickname;
			sourceTree = "<group>";
		};
		747561BB2744D6280015BFC9 /* NicknameEntity */ = {
			isa = PBXGroup;
			children = (
				747561C12744D6910015BFC9 /* NicknameResponse.swift */,
				747561BD2744D6760015BFC9 /* NicknameDataManager.swift */,
			);
			path = NicknameEntity;
			sourceTree = "<group>";
		};
		747561BC2744D64A0015BFC9 /* KakaoLogin */ = {
			isa = PBXGroup;
			children = (
				743031E2274281AB00B7657B /* LoginViewController.swift */,
				743032002742C11B00B7657B /* KakaoLoginEntity */,
			);
			path = KakaoLogin;
			sourceTree = "<group>";
		};
		747561C52745255D0015BFC9 /* PrivacySetting */ = {
			isa = PBXGroup;
			children = (
				747561C6274525FE0015BFC9 /* PrivacySettingViewController.swift */,
				747561C8274526240015BFC9 /* PrivacySettingEntity */,
			);
			path = PrivacySetting;
			sourceTree = "<group>";
		};
		747561C8274526240015BFC9 /* PrivacySettingEntity */ = {
			isa = PBXGroup;
			children = (
				747561CF2745268B0015BFC9 /* PrivacySettingRequest.swift */,
				747561D1274526970015BFC9 /* PrivacySettingResponse.swift */,
				747561CD274526750015BFC9 /* PrivacySettingDataManager.swift */,
			);
			path = PrivacySettingEntity;
			sourceTree = "<group>";
		};
		74B11ECC27560198003C3E02 /* Table Cell Best */ = {
			isa = PBXGroup;
			children = (
				74B11ED12756034D003C3E02 /* BestSearchTableViewCell.swift */,
				74B11ED22756034D003C3E02 /* BestSearchTableViewCell.xib */,
			);
			path = "Table Cell Best";
			sourceTree = "<group>";
		};
		74C1B5F02742671400AFD7BF = {
			isa = PBXGroup;
			children = (
				74C1B5FB2742671400AFD7BF /* MackDuck */,
				74C1B5FA2742671400AFD7BF /* Products */,
				9A2E0D22973E0B2A07E26D6A /* Pods */,
				0CB58F50B39A9702FD9EBF82 /* Frameworks */,
			);
			sourceTree = "<group>";
		};
		74C1B5FA2742671400AFD7BF /* Products */ = {
			isa = PBXGroup;
			children = (
				74C1B5F92742671400AFD7BF /* MackDuck.app */,
			);
			name = Products;
			sourceTree = "<group>";
		};
		74C1B5FB2742671400AFD7BF /* MackDuck */ = {
			isa = PBXGroup;
			children = (
				74C1B61327426E5A00AFD7BF /* Configuration */,
				743031DD274272B800B7657B /* Sources */,
				74C1B5FC2742671400AFD7BF /* AppDelegate.swift */,
				74C1B5FE2742671400AFD7BF /* SceneDelegate.swift */,
				74C1B6082742671600AFD7BF /* Assets.xcassets */,
				74C1B60A2742671600AFD7BF /* LaunchScreen.storyboard */,
				74C1B60D2742671600AFD7BF /* Info.plist */,
				74C1B6052742671400AFD7BF /* MackDuck.xcdatamodeld */,
			);
			path = MackDuck;
			sourceTree = "<group>";
		};
		74C1B61327426E5A00AFD7BF /* Configuration */ = {
			isa = PBXGroup;
			children = (
				74C1B61627426F1200AFD7BF /* Constant.swift */,
				743031E427429F5900B7657B /* Font */,
				74C1B61827426F2800AFD7BF /* Extension */,
				74C1B61D2742704300AFD7BF /* Secret */,
			);
			path = Configuration;
			sourceTree = "<group>";
		};
		74C1B61827426F2800AFD7BF /* Extension */ = {
			isa = PBXGroup;
			children = (
				74C1B61927426F5100AFD7BF /* Color.swift */,
				74C1B61B27426F7E00AFD7BF /* String.swift */,
				747561B82743E4D20015BFC9 /* UITextField.swift */,
				747561D52746571B0015BFC9 /* UIView.swift */,
			);
			path = Extension;
			sourceTree = "<group>";
		};
		74C1B61D2742704300AFD7BF /* Secret */ = {
			isa = PBXGroup;
			children = (
				743031DB274270DE00B7657B /* jwtToken.swift */,
			);
			path = Secret;
			sourceTree = "<group>";
		};
		74E72FFE2743B44400697460 /* HomeEntity */ = {
			isa = PBXGroup;
			children = (
			);
			path = HomeEntity;
			sourceTree = "<group>";
		};
		9A2E0D22973E0B2A07E26D6A /* Pods */ = {
			isa = PBXGroup;
			children = (
				D7AABEFCB9CD09A5833E0A93 /* Pods-MackDuck.debug.xcconfig */,
				27850282F683B342079493F0 /* Pods-MackDuck.release.xcconfig */,
			);
			path = Pods;
			sourceTree = "<group>";
		};
/* End PBXGroup section */

/* Begin PBXNativeTarget section */
		74C1B5F82742671400AFD7BF /* MackDuck */ = {
			isa = PBXNativeTarget;
			buildConfigurationList = 74C1B6102742671600AFD7BF /* Build configuration list for PBXNativeTarget "MackDuck" */;
			buildPhases = (
				FC508504F319DE35B2C938FE /* [CP] Check Pods Manifest.lock */,
				74C1B5F52742671400AFD7BF /* Sources */,
				74C1B5F62742671400AFD7BF /* Frameworks */,
				74C1B5F72742671400AFD7BF /* Resources */,
				0EF2C7E50F63EBF388D06BFB /* [CP] Embed Pods Frameworks */,
			);
			buildRules = (
			);
			dependencies = (
			);
			name = MackDuck;
			productName = MackDuck;
			productReference = 74C1B5F92742671400AFD7BF /* MackDuck.app */;
			productType = "com.apple.product-type.application";
		};
/* End PBXNativeTarget section */

/* Begin PBXProject section */
		74C1B5F12742671400AFD7BF /* Project object */ = {
			isa = PBXProject;
			attributes = {
				BuildIndependentTargetsInParallel = 1;
				LastSwiftUpdateCheck = 1310;
				LastUpgradeCheck = 1310;
				TargetAttributes = {
					74C1B5F82742671400AFD7BF = {
						CreatedOnToolsVersion = 13.1;
					};
				};
			};
			buildConfigurationList = 74C1B5F42742671400AFD7BF /* Build configuration list for PBXProject "MackDuck" */;
			compatibilityVersion = "Xcode 13.0";
			developmentRegion = en;
			hasScannedForEncodings = 0;
			knownRegions = (
				en,
				Base,
			);
			mainGroup = 74C1B5F02742671400AFD7BF;
			productRefGroup = 74C1B5FA2742671400AFD7BF /* Products */;
			projectDirPath = "";
			projectRoot = "";
			targets = (
				74C1B5F82742671400AFD7BF /* MackDuck */,
			);
		};
/* End PBXProject section */

/* Begin PBXResourcesBuildPhase section */
		74C1B5F72742671400AFD7BF /* Resources */ = {
			isa = PBXResourcesBuildPhase;
			buildActionMask = 2147483647;
			files = (
				74C1B60C2742671600AFD7BF /* LaunchScreen.storyboard in Resources */,
				743031F32742A25E00B7657B /* GmarketSansBold.otf in Resources */,
				74E730022743B4AF00697460 /* MainPageStoryboard.storyboard in Resources */,
				743031FC2742A26900B7657B /* NotoSansKR-Medium.otf in Resources */,
				743031F92742A26900B7657B /* Montserrat-Regular.ttf in Resources */,
				74C1B6092742671600AFD7BF /* Assets.xcassets in Resources */,
				74EF99C7274B9C260037A166 /* MyPageStoryboard.storyboard in Resources */,
				743031FB2742A26900B7657B /* NotoSansKR-Bold.otf in Resources */,
				74B11ED42756034D003C3E02 /* BestSearchTableViewCell.xib in Resources */,
				74EF99C5274B9C160037A166 /* RefrigeratorStoryboard.storyboard in Resources */,
				74C1B6042742671400AFD7BF /* LoginStoryboard.storyboard in Resources */,
				743031F12742A25E00B7657B /* GmarketSansLight.otf in Resources */,
				743031FA2742A26900B7657B /* NotoSansKR-Regular.otf in Resources */,
				74EF99C3274B9C030037A166 /* HomeStoryboard.storyboard in Resources */,
				743031FD2742A26900B7657B /* Montserrat-Bold.ttf in Resources */,
				743031F22742A25E00B7657B /* GmarketSansMedium.otf in Resources */,
			);
			runOnlyForDeploymentPostprocessing = 0;
		};
/* End PBXResourcesBuildPhase section */

/* Begin PBXShellScriptBuildPhase section */
		0EF2C7E50F63EBF388D06BFB /* [CP] Embed Pods Frameworks */ = {
			isa = PBXShellScriptBuildPhase;
			buildActionMask = 2147483647;
			files = (
			);
			inputFileListPaths = (
				"${PODS_ROOT}/Target Support Files/Pods-MackDuck/Pods-MackDuck-frameworks-${CONFIGURATION}-input-files.xcfilelist",
			);
			name = "[CP] Embed Pods Frameworks";
			outputFileListPaths = (
				"${PODS_ROOT}/Target Support Files/Pods-MackDuck/Pods-MackDuck-frameworks-${CONFIGURATION}-output-files.xcfilelist",
			);
			runOnlyForDeploymentPostprocessing = 0;
			shellPath = /bin/sh;
			shellScript = "\"${PODS_ROOT}/Target Support Files/Pods-MackDuck/Pods-MackDuck-frameworks.sh\"\n";
			showEnvVarsInLog = 0;
		};
		FC508504F319DE35B2C938FE /* [CP] Check Pods Manifest.lock */ = {
			isa = PBXShellScriptBuildPhase;
			buildActionMask = 2147483647;
			files = (
			);
			inputFileListPaths = (
			);
			inputPaths = (
				"${PODS_PODFILE_DIR_PATH}/Podfile.lock",
				"${PODS_ROOT}/Manifest.lock",
			);
			name = "[CP] Check Pods Manifest.lock";
			outputFileListPaths = (
			);
			outputPaths = (
				"$(DERIVED_FILE_DIR)/Pods-MackDuck-checkManifestLockResult.txt",
			);
			runOnlyForDeploymentPostprocessing = 0;
			shellPath = /bin/sh;
			shellScript = "diff \"${PODS_PODFILE_DIR_PATH}/Podfile.lock\" \"${PODS_ROOT}/Manifest.lock\" > /dev/null\nif [ $? != 0 ] ; then\n    # print error to STDERR\n    echo \"error: The sandbox is not in sync with the Podfile.lock. Run 'pod install' or update your CocoaPods installation.\" >&2\n    exit 1\nfi\n# This output is used by Xcode 'outputs' to avoid re-running this script phase.\necho \"SUCCESS\" > \"${SCRIPT_OUTPUT_FILE_0}\"\n";
			showEnvVarsInLog = 0;
		};
/* End PBXShellScriptBuildPhase section */

/* Begin PBXSourcesBuildPhase section */
		74C1B5F52742671400AFD7BF /* Sources */ = {
			isa = PBXSourcesBuildPhase;
			buildActionMask = 2147483647;
			files = (
				7446ECA22748ACD4000CAC92 /* RefrigeratorViewController.swift in Sources */,
				743031FF2742B8EB00B7657B /* LoginHowToCallViewController.swift in Sources */,
				743031E3274281AB00B7657B /* LoginViewController.swift in Sources */,
				747561D62746571B0015BFC9 /* UIView.swift in Sources */,
				74C1B6072742671400AFD7BF /* MackDuck.xcdatamodeld in Sources */,
				743032032742C22A00B7657B /* KakaoLoginRequest.swift in Sources */,
				7403CAD02757512600E6B2DF /* HomeRecentPopularResponse.swift in Sources */,
				742E6464274BF17F00F6B72A /* HomeRecommendViewController.swift in Sources */,
				747561C7274525FE0015BFC9 /* PrivacySettingViewController.swift in Sources */,
				7446ECA42748ACE5000CAC92 /* MyPageViewController.swift in Sources */,
				747561CE274526750015BFC9 /* PrivacySettingDataManager.swift in Sources */,
				7403CAD22757513300E6B2DF /* HomeRecentPopularDataManager.swift in Sources */,
				747561D2274526970015BFC9 /* PrivacySettingResponse.swift in Sources */,
				74C1B6012742671400AFD7BF /* ViewController.swift in Sources */,
				74B11ED32756034D003C3E02 /* BestSearchTableViewCell.swift in Sources */,
				747561D02745268B0015BFC9 /* PrivacySettingRequest.swift in Sources */,
				74E730042743B4C100697460 /* HomeViewController.swift in Sources */,
				74C1B61727426F1200AFD7BF /* Constant.swift in Sources */,
				742E646A274BF1D100F6B72A /* HomeDictionaryViewController.swift in Sources */,
				743032052742C23C00B7657B /* KakaoLoginResponse.swift in Sources */,
				74C1B5FD2742671400AFD7BF /* AppDelegate.swift in Sources */,
				742E6467274BF1A900F6B72A /* HomeSearchViewController.swift in Sources */,
				74C1B61C27426F7E00AFD7BF /* String.swift in Sources */,
				74C1B5FF2742671400AFD7BF /* SceneDelegate.swift in Sources */,
				747561B92743E4D20015BFC9 /* UITextField.swift in Sources */,
				74EF99CB274BB2370037A166 /* MainPageViewController.swift in Sources */,
				74C1B61A27426F5100AFD7BF /* Color.swift in Sources */,
				747561C22744D6910015BFC9 /* NicknameResponse.swift in Sources */,
				743032072742C24C00B7657B /* KakaoLoginDataManager.swift in Sources */,
				743031DC274270DE00B7657B /* jwtToken.swift in Sources */,
				747561BE2744D6760015BFC9 /* NicknameDataManager.swift in Sources */,
			);
			runOnlyForDeploymentPostprocessing = 0;
		};
/* End PBXSourcesBuildPhase section */

/* Begin PBXVariantGroup section */
		74C1B6022742671400AFD7BF /* LoginStoryboard.storyboard */ = {
			isa = PBXVariantGroup;
			children = (
				74C1B6032742671400AFD7BF /* Base */,
			);
			name = LoginStoryboard.storyboard;
			sourceTree = "<group>";
		};
		74C1B60A2742671600AFD7BF /* LaunchScreen.storyboard */ = {
			isa = PBXVariantGroup;
			children = (
				74C1B60B2742671600AFD7BF /* Base */,
			);
			name = LaunchScreen.storyboard;
			sourceTree = "<group>";
		};
/* End PBXVariantGroup section */

/* Begin XCBuildConfiguration section */
		74C1B60E2742671600AFD7BF /* Debug */ = {
			isa = XCBuildConfiguration;
			buildSettings = {
				ALWAYS_SEARCH_USER_PATHS = NO;
				CLANG_ANALYZER_NONNULL = YES;
				CLANG_ANALYZER_NUMBER_OBJECT_CONVERSION = YES_AGGRESSIVE;
				CLANG_CXX_LANGUAGE_STANDARD = "gnu++17";
				CLANG_CXX_LIBRARY = "libc++";
				CLANG_ENABLE_MODULES = YES;
				CLANG_ENABLE_OBJC_ARC = YES;
				CLANG_ENABLE_OBJC_WEAK = YES;
				CLANG_WARN_BLOCK_CAPTURE_AUTORELEASING = YES;
				CLANG_WARN_BOOL_CONVERSION = YES;
				CLANG_WARN_COMMA = YES;
				CLANG_WARN_CONSTANT_CONVERSION = YES;
				CLANG_WARN_DEPRECATED_OBJC_IMPLEMENTATIONS = YES;
				CLANG_WARN_DIRECT_OBJC_ISA_USAGE = YES_ERROR;
				CLANG_WARN_DOCUMENTATION_COMMENTS = YES;
				CLANG_WARN_EMPTY_BODY = YES;
				CLANG_WARN_ENUM_CONVERSION = YES;
				CLANG_WARN_INFINITE_RECURSION = YES;
				CLANG_WARN_INT_CONVERSION = YES;
				CLANG_WARN_NON_LITERAL_NULL_CONVERSION = YES;
				CLANG_WARN_OBJC_IMPLICIT_RETAIN_SELF = YES;
				CLANG_WARN_OBJC_LITERAL_CONVERSION = YES;
				CLANG_WARN_OBJC_ROOT_CLASS = YES_ERROR;
				CLANG_WARN_QUOTED_INCLUDE_IN_FRAMEWORK_HEADER = YES;
				CLANG_WARN_RANGE_LOOP_ANALYSIS = YES;
				CLANG_WARN_STRICT_PROTOTYPES = YES;
				CLANG_WARN_SUSPICIOUS_MOVE = YES;
				CLANG_WARN_UNGUARDED_AVAILABILITY = YES_AGGRESSIVE;
				CLANG_WARN_UNREACHABLE_CODE = YES;
				CLANG_WARN__DUPLICATE_METHOD_MATCH = YES;
				COPY_PHASE_STRIP = NO;
				DEBUG_INFORMATION_FORMAT = dwarf;
				ENABLE_STRICT_OBJC_MSGSEND = YES;
				ENABLE_TESTABILITY = YES;
				GCC_C_LANGUAGE_STANDARD = gnu11;
				GCC_DYNAMIC_NO_PIC = NO;
				GCC_NO_COMMON_BLOCKS = YES;
				GCC_OPTIMIZATION_LEVEL = 0;
				GCC_PREPROCESSOR_DEFINITIONS = (
					"DEBUG=1",
					"$(inherited)",
				);
				GCC_WARN_64_TO_32_BIT_CONVERSION = YES;
				GCC_WARN_ABOUT_RETURN_TYPE = YES_ERROR;
				GCC_WARN_UNDECLARED_SELECTOR = YES;
				GCC_WARN_UNINITIALIZED_AUTOS = YES_AGGRESSIVE;
				GCC_WARN_UNUSED_FUNCTION = YES;
				GCC_WARN_UNUSED_VARIABLE = YES;
				IPHONEOS_DEPLOYMENT_TARGET = 15.0;
				MTL_ENABLE_DEBUG_INFO = INCLUDE_SOURCE;
				MTL_FAST_MATH = YES;
				ONLY_ACTIVE_ARCH = YES;
				SDKROOT = iphoneos;
				SWIFT_ACTIVE_COMPILATION_CONDITIONS = DEBUG;
				SWIFT_OPTIMIZATION_LEVEL = "-Onone";
			};
			name = Debug;
		};
		74C1B60F2742671600AFD7BF /* Release */ = {
			isa = XCBuildConfiguration;
			buildSettings = {
				ALWAYS_SEARCH_USER_PATHS = NO;
				CLANG_ANALYZER_NONNULL = YES;
				CLANG_ANALYZER_NUMBER_OBJECT_CONVERSION = YES_AGGRESSIVE;
				CLANG_CXX_LANGUAGE_STANDARD = "gnu++17";
				CLANG_CXX_LIBRARY = "libc++";
				CLANG_ENABLE_MODULES = YES;
				CLANG_ENABLE_OBJC_ARC = YES;
				CLANG_ENABLE_OBJC_WEAK = YES;
				CLANG_WARN_BLOCK_CAPTURE_AUTORELEASING = YES;
				CLANG_WARN_BOOL_CONVERSION = YES;
				CLANG_WARN_COMMA = YES;
				CLANG_WARN_CONSTANT_CONVERSION = YES;
				CLANG_WARN_DEPRECATED_OBJC_IMPLEMENTATIONS = YES;
				CLANG_WARN_DIRECT_OBJC_ISA_USAGE = YES_ERROR;
				CLANG_WARN_DOCUMENTATION_COMMENTS = YES;
				CLANG_WARN_EMPTY_BODY = YES;
				CLANG_WARN_ENUM_CONVERSION = YES;
				CLANG_WARN_INFINITE_RECURSION = YES;
				CLANG_WARN_INT_CONVERSION = YES;
				CLANG_WARN_NON_LITERAL_NULL_CONVERSION = YES;
				CLANG_WARN_OBJC_IMPLICIT_RETAIN_SELF = YES;
				CLANG_WARN_OBJC_LITERAL_CONVERSION = YES;
				CLANG_WARN_OBJC_ROOT_CLASS = YES_ERROR;
				CLANG_WARN_QUOTED_INCLUDE_IN_FRAMEWORK_HEADER = YES;
				CLANG_WARN_RANGE_LOOP_ANALYSIS = YES;
				CLANG_WARN_STRICT_PROTOTYPES = YES;
				CLANG_WARN_SUSPICIOUS_MOVE = YES;
				CLANG_WARN_UNGUARDED_AVAILABILITY = YES_AGGRESSIVE;
				CLANG_WARN_UNREACHABLE_CODE = YES;
				CLANG_WARN__DUPLICATE_METHOD_MATCH = YES;
				COPY_PHASE_STRIP = NO;
				DEBUG_INFORMATION_FORMAT = "dwarf-with-dsym";
				ENABLE_NS_ASSERTIONS = NO;
				ENABLE_STRICT_OBJC_MSGSEND = YES;
				GCC_C_LANGUAGE_STANDARD = gnu11;
				GCC_NO_COMMON_BLOCKS = YES;
				GCC_WARN_64_TO_32_BIT_CONVERSION = YES;
				GCC_WARN_ABOUT_RETURN_TYPE = YES_ERROR;
				GCC_WARN_UNDECLARED_SELECTOR = YES;
				GCC_WARN_UNINITIALIZED_AUTOS = YES_AGGRESSIVE;
				GCC_WARN_UNUSED_FUNCTION = YES;
				GCC_WARN_UNUSED_VARIABLE = YES;
				IPHONEOS_DEPLOYMENT_TARGET = 15.0;
				MTL_ENABLE_DEBUG_INFO = NO;
				MTL_FAST_MATH = YES;
				SDKROOT = iphoneos;
				SWIFT_COMPILATION_MODE = wholemodule;
				SWIFT_OPTIMIZATION_LEVEL = "-O";
				VALIDATE_PRODUCT = YES;
			};
			name = Release;
		};
		74C1B6112742671600AFD7BF /* Debug */ = {
			isa = XCBuildConfiguration;
			baseConfigurationReference = D7AABEFCB9CD09A5833E0A93 /* Pods-MackDuck.debug.xcconfig */;
			buildSettings = {
				ASSETCATALOG_COMPILER_APPICON_NAME = AppIcon;
				ASSETCATALOG_COMPILER_GLOBAL_ACCENT_COLOR_NAME = AccentColor;
				CODE_SIGN_STYLE = Automatic;
				CURRENT_PROJECT_VERSION = 1;
				DEVELOPMENT_TEAM = RCUCS9DJGT;
				GENERATE_INFOPLIST_FILE = YES;
				INFOPLIST_FILE = MackDuck/Info.plist;
				INFOPLIST_KEY_UIApplicationSupportsIndirectInputEvents = YES;
				INFOPLIST_KEY_UILaunchStoryboardName = LaunchScreen;
				INFOPLIST_KEY_UIMainStoryboardFile = LoginStoryboard;
				INFOPLIST_KEY_UISupportedInterfaceOrientations_iPad = "UIInterfaceOrientationPortrait UIInterfaceOrientationPortraitUpsideDown UIInterfaceOrientationLandscapeLeft UIInterfaceOrientationLandscapeRight";
				INFOPLIST_KEY_UISupportedInterfaceOrientations_iPhone = "UIInterfaceOrientationPortrait UIInterfaceOrientationLandscapeLeft UIInterfaceOrientationLandscapeRight";
				LD_RUNPATH_SEARCH_PATHS = (
					"$(inherited)",
					"@executable_path/Frameworks",
				);
				MARKETING_VERSION = 1.0;
				PRODUCT_BUNDLE_IDENTIFIER = com.onestation.MackDuck;
				PRODUCT_NAME = "$(TARGET_NAME)";
				SWIFT_EMIT_LOC_STRINGS = YES;
				SWIFT_VERSION = 5.0;
				TARGETED_DEVICE_FAMILY = "1,2";
			};
			name = Debug;
		};
		74C1B6122742671600AFD7BF /* Release */ = {
			isa = XCBuildConfiguration;
			baseConfigurationReference = 27850282F683B342079493F0 /* Pods-MackDuck.release.xcconfig */;
			buildSettings = {
				ASSETCATALOG_COMPILER_APPICON_NAME = AppIcon;
				ASSETCATALOG_COMPILER_GLOBAL_ACCENT_COLOR_NAME = AccentColor;
				CODE_SIGN_STYLE = Automatic;
				CURRENT_PROJECT_VERSION = 1;
				DEVELOPMENT_TEAM = RCUCS9DJGT;
				GENERATE_INFOPLIST_FILE = YES;
				INFOPLIST_FILE = MackDuck/Info.plist;
				INFOPLIST_KEY_UIApplicationSupportsIndirectInputEvents = YES;
				INFOPLIST_KEY_UILaunchStoryboardName = LaunchScreen;
				INFOPLIST_KEY_UIMainStoryboardFile = LoginStoryboard;
				INFOPLIST_KEY_UISupportedInterfaceOrientations_iPad = "UIInterfaceOrientationPortrait UIInterfaceOrientationPortraitUpsideDown UIInterfaceOrientationLandscapeLeft UIInterfaceOrientationLandscapeRight";
				INFOPLIST_KEY_UISupportedInterfaceOrientations_iPhone = "UIInterfaceOrientationPortrait UIInterfaceOrientationLandscapeLeft UIInterfaceOrientationLandscapeRight";
				LD_RUNPATH_SEARCH_PATHS = (
					"$(inherited)",
					"@executable_path/Frameworks",
				);
				MARKETING_VERSION = 1.0;
				PRODUCT_BUNDLE_IDENTIFIER = com.onestation.MackDuck;
				PRODUCT_NAME = "$(TARGET_NAME)";
				SWIFT_EMIT_LOC_STRINGS = YES;
				SWIFT_VERSION = 5.0;
				TARGETED_DEVICE_FAMILY = "1,2";
			};
			name = Release;
		};
/* End XCBuildConfiguration section */

/* Begin XCConfigurationList section */
		74C1B5F42742671400AFD7BF /* Build configuration list for PBXProject "MackDuck" */ = {
			isa = XCConfigurationList;
			buildConfigurations = (
				74C1B60E2742671600AFD7BF /* Debug */,
				74C1B60F2742671600AFD7BF /* Release */,
			);
			defaultConfigurationIsVisible = 0;
			defaultConfigurationName = Release;
		};
		74C1B6102742671600AFD7BF /* Build configuration list for PBXNativeTarget "MackDuck" */ = {
			isa = XCConfigurationList;
			buildConfigurations = (
				74C1B6112742671600AFD7BF /* Debug */,
				74C1B6122742671600AFD7BF /* Release */,
			);
			defaultConfigurationIsVisible = 0;
			defaultConfigurationName = Release;
		};
/* End XCConfigurationList section */

/* Begin XCVersionGroup section */
		74C1B6052742671400AFD7BF /* MackDuck.xcdatamodeld */ = {
			isa = XCVersionGroup;
			children = (
				74C1B6062742671400AFD7BF /* MackDuck.xcdatamodel */,
			);
			currentVersion = 74C1B6062742671400AFD7BF /* MackDuck.xcdatamodel */;
			path = MackDuck.xcdatamodeld;
			sourceTree = "<group>";
			versionGroupType = wrapper.xcdatamodel;
		};
/* End XCVersionGroup section */
	};
	rootObject = 74C1B5F12742671400AFD7BF /* Project object */;
}
